
Microsoft Visual Studio Solution File, Format Version 12.00
# Visual Studio Version 17
VisualStudioVersion = 17.5.002.0
MinimumVisualStudioVersion = 10.0.40219.1
Project("{2150E333-8FDC-42A3-9474-1A3956D46DE8}") = "backend", "backend", "{44532305-CC36-4B25-9D30-EFF7CCE5A5A1}"
EndProject
Project("{9A19103F-16F7-4668-BE54-9A1E7A4F7556}") = "api", "backend\api\api.csproj", "{86A58B0A-A7B7-423D-A702-1AD110398ED6}"
EndProject
Global
	GlobalSection(SolutionConfigurationPlatforms) = preSolution
		Debug|Any CPU = Debug|Any CPU
		Release|Any CPU = Release|Any CPU
	EndGlobalSection
	GlobalSection(ProjectConfigurationPlatforms) = postSolution
		{86A58B0A-A7B7-423D-A702-1AD110398ED6}.Debug|Any CPU.ActiveCfg = Debug|Any CPU
		{86A58B0A-A7B7-423D-A702-1AD110398ED6}.Debug|Any CPU.Build.0 = Debug|Any CPU
		{86A58B0A-A7B7-423D-A702-1AD110398ED6}.Release|Any CPU.ActiveCfg = Release|Any CPU
		{86A58B0A-A7B7-423D-A702-1AD110398ED6}.Release|Any CPU.Build.0 = Release|Any CPU
	EndGlobalSection
	GlobalSection(SolutionProperties) = preSolution
		HideSolutionNode = FALSE
	EndGlobalSection
	GlobalSection(NestedProjects) = preSolution
		{86A58B0A-A7B7-423D-A702-1AD110398ED6} = {44532305-CC36-4B25-9D30-EFF7CCE5A5A1}
	EndGlobalSection
	GlobalSection(ExtensibilityGlobals) = postSolution
		SolutionGuid = {822D2764-0E3D-4F64-BDD4-90E16178F6B0}
	EndGlobalSection
EndGlobal
